
Microsoft Visual Studio Solution File, Format Version 12.00
# Visual Studio Version 17
VisualStudioVersion = 17.1.32319.34
MinimumVisualStudioVersion = 10.0.40219.1
Project("{FAE04EC0-301F-11D3-BF4B-00C04F79EFBC}") = "Exercices", "Exercices\Exercices.csproj", "{EBD5B2BE-7C50-44C9-8400-4BB4C5BF9789}"
EndProject
Global
	GlobalSection(SolutionConfigurationPlatforms) = preSolution
		Debug|Any CPU = Debug|Any CPU
		Release|Any CPU = Release|Any CPU
	EndGlobalSection
	GlobalSection(ProjectConfigurationPlatforms) = postSolution
		{EBD5B2BE-7C50-44C9-8400-4BB4C5BF9789}.Debug|Any CPU.ActiveCfg = Debug|Any CPU
		{EBD5B2BE-7C50-44C9-8400-4BB4C5BF9789}.Debug|Any CPU.Build.0 = Debug|Any CPU
		{EBD5B2BE-7C50-44C9-8400-4BB4C5BF9789}.Release|Any CPU.ActiveCfg = Release|Any CPU
		{EBD5B2BE-7C50-44C9-8400-4BB4C5BF9789}.Release|Any CPU.Build.0 = Release|Any CPU
	EndGlobalSection
	GlobalSection(SolutionProperties) = preSolution
		HideSolutionNode = FALSE
	EndGlobalSection
	GlobalSection(ExtensibilityGlobals) = postSolution
		SolutionGuid = {ED94C65D-90D6-4403-8B57-6434FE571AA5}
	EndGlobalSection
EndGlobal
