
Microsoft Visual Studio Solution File, Format Version 12.00
# Visual Studio Version 17
VisualStudioVersion = 17.1.32319.34
MinimumVisualStudioVersion = 10.0.40219.1
Project("{FAE04EC0-301F-11D3-BF4B-00C04F79EFBC}") = "Operadores", "Operadores\Operadores.csproj", "{F1CD7C50-48E6-4373-9125-EB1426235EEF}"
EndProject
Global
	GlobalSection(SolutionConfigurationPlatforms) = preSolution
		Debug|Any CPU = Debug|Any CPU
		Release|Any CPU = Release|Any CPU
	EndGlobalSection
	GlobalSection(ProjectConfigurationPlatforms) = postSolution
		{F1CD7C50-48E6-4373-9125-EB1426235EEF}.Debug|Any CPU.ActiveCfg = Debug|Any CPU
		{F1CD7C50-48E6-4373-9125-EB1426235EEF}.Debug|Any CPU.Build.0 = Debug|Any CPU
		{F1CD7C50-48E6-4373-9125-EB1426235EEF}.Release|Any CPU.ActiveCfg = Release|Any CPU
		{F1CD7C50-48E6-4373-9125-EB1426235EEF}.Release|Any CPU.Build.0 = Release|Any CPU
	EndGlobalSection
	GlobalSection(SolutionProperties) = preSolution
		HideSolutionNode = FALSE
	EndGlobalSection
	GlobalSection(ExtensibilityGlobals) = postSolution
		SolutionGuid = {21B81BA8-70EC-4E5D-B30A-07DD49CFD625}
	EndGlobalSection
EndGlobal
