
Microsoft Visual Studio Solution File, Format Version 12.00
# Visual Studio Version 17
VisualStudioVersion = 17.1.32319.34
MinimumVisualStudioVersion = 10.0.40219.1
Project("{FAE04EC0-301F-11D3-BF4B-00C04F79EFBC}") = "ArithmeticOperators", "ArithmeticOperators\ArithmeticOperators.csproj", "{AC670D9C-0306-464F-8CA4-19A5C319B31C}"
EndProject
Global
	GlobalSection(SolutionConfigurationPlatforms) = preSolution
		Debug|Any CPU = Debug|Any CPU
		Release|Any CPU = Release|Any CPU
	EndGlobalSection
	GlobalSection(ProjectConfigurationPlatforms) = postSolution
		{AC670D9C-0306-464F-8CA4-19A5C319B31C}.Debug|Any CPU.ActiveCfg = Debug|Any CPU
		{AC670D9C-0306-464F-8CA4-19A5C319B31C}.Debug|Any CPU.Build.0 = Debug|Any CPU
		{AC670D9C-0306-464F-8CA4-19A5C319B31C}.Release|Any CPU.ActiveCfg = Release|Any CPU
		{AC670D9C-0306-464F-8CA4-19A5C319B31C}.Release|Any CPU.Build.0 = Release|Any CPU
	EndGlobalSection
	GlobalSection(SolutionProperties) = preSolution
		HideSolutionNode = FALSE
	EndGlobalSection
	GlobalSection(ExtensibilityGlobals) = postSolution
		SolutionGuid = {D4499730-BC1C-4CCF-A7E3-6BD69E3B0A1A}
	EndGlobalSection
EndGlobal
